
Microsoft Visual Studio Solution File, Format Version 12.00
# Visual Studio 15
VisualStudioVersion = 15.0.28010.2036
MinimumVisualStudioVersion = 10.0.40219.1
Project("{54435603-DBB4-11D2-8724-00A0C9A8B90C}") = "Setupforourgame", "Setupforourgame\Setupforourgame.vdproj", "{32AF8A60-CCB9-46E8-8F66-346725D2AE91}"
EndProject
Global
	GlobalSection(SolutionConfigurationPlatforms) = preSolution
		Debug|Default = Debug|Default
		Release|Default = Release|Default
	EndGlobalSection
	GlobalSection(ProjectConfigurationPlatforms) = postSolution
		{32AF8A60-CCB9-46E8-8F66-346725D2AE91}.Debug|Default.ActiveCfg = Debug
		{32AF8A60-CCB9-46E8-8F66-346725D2AE91}.Debug|Default.Build.0 = Debug
		{32AF8A60-CCB9-46E8-8F66-346725D2AE91}.Release|Default.ActiveCfg = Release
		{32AF8A60-CCB9-46E8-8F66-346725D2AE91}.Release|Default.Build.0 = Release
	EndGlobalSection
	GlobalSection(SolutionProperties) = preSolution
		HideSolutionNode = FALSE
	EndGlobalSection
	GlobalSection(ExtensibilityGlobals) = postSolution
		SolutionGuid = {8B586CE3-ED03-4577-A2AF-4406AF550B4C}
	EndGlobalSection
EndGlobal
